// !$*UTF8*$!
{
	archiveVersion = 1;
	classes = {
	};
	objectVersion = 46;
	objects = {

/* Begin PBXBuildFile section */
		5EF5A4CE1AE9B314009938F7 /* AppDelegate.swift in Sources */ = {isa = PBXBuildFile; fileRef = 5EF5A4CD1AE9B314009938F7 /* AppDelegate.swift */; };
		5EF5A4D51AE9B315009938F7 /* Main.storyboard in Resources */ = {isa = PBXBuildFile; fileRef = 5EF5A4D31AE9B315009938F7 /* Main.storyboard */; };
		5EF5A4D71AE9B315009938F7 /* Images.xcassets in Resources */ = {isa = PBXBuildFile; fileRef = 5EF5A4D61AE9B315009938F7 /* Images.xcassets */; };
		5EF5A4DA1AE9B315009938F7 /* LaunchScreen.xib in Resources */ = {isa = PBXBuildFile; fileRef = 5EF5A4D81AE9B315009938F7 /* LaunchScreen.xib */; };
		5EF5A4E61AE9B315009938F7 /* DN_ClubsTests.swift in Sources */ = {isa = PBXBuildFile; fileRef = 5EF5A4E51AE9B315009938F7 /* DN_ClubsTests.swift */; };
		C1866C801B17D88D00DEE50B /* GoogleOpenSource.framework in Frameworks */ = {isa = PBXBuildFile; fileRef = C1866C7E1B17D88D00DEE50B /* GoogleOpenSource.framework */; settings = {ATTRIBUTES = (Required, ); }; };
		C1866C841B17DE4600DEE50B /* GooglePlus.framework in Frameworks */ = {isa = PBXBuildFile; fileRef = C1866C831B17DE4600DEE50B /* GooglePlus.framework */; };
		FB26F1CF1AF2F05500466690 /* ClubList.swift in Sources */ = {isa = PBXBuildFile; fileRef = FB26F1CE1AF2F05500466690 /* ClubList.swift */; };
		FB26F1D11AF2F08800466690 /* FavoriteClubs.swift in Sources */ = {isa = PBXBuildFile; fileRef = FB26F1D01AF2F08800466690 /* FavoriteClubs.swift */; };
		FB26F1D31AF2F0CB00466690 /* Notifications.swift in Sources */ = {isa = PBXBuildFile; fileRef = FB26F1D21AF2F0CB00466690 /* Notifications.swift */; };
/* End PBXBuildFile section */

/* Begin PBXContainerItemProxy section */
		5EF5A4E01AE9B315009938F7 /* PBXContainerItemProxy */ = {
			isa = PBXContainerItemProxy;
			containerPortal = 5EF5A4C01AE9B314009938F7 /* Project object */;
			proxyType = 1;
			remoteGlobalIDString = 5EF5A4C71AE9B314009938F7;
			remoteInfo = "DN Clubs";
		};
/* End PBXContainerItemProxy section */

/* Begin PBXFileReference section */
		5EF5A4C81AE9B314009938F7 /* DN Clubs.app */ = {isa = PBXFileReference; explicitFileType = wrapper.application; includeInIndex = 0; path = "DN Clubs.app"; sourceTree = BUILT_PRODUCTS_DIR; };
		5EF5A4CC1AE9B314009938F7 /* Info.plist */ = {isa = PBXFileReference; lastKnownFileType = text.plist.xml; path = Info.plist; sourceTree = "<group>"; };
		5EF5A4CD1AE9B314009938F7 /* AppDelegate.swift */ = {isa = PBXFileReference; lastKnownFileType = sourcecode.swift; path = AppDelegate.swift; sourceTree = "<group>"; };
		5EF5A4D41AE9B315009938F7 /* Base */ = {isa = PBXFileReference; lastKnownFileType = file.storyboard; name = Base; path = Base.lproj/Main.storyboard; sourceTree = "<group>"; };
		5EF5A4D61AE9B315009938F7 /* Images.xcassets */ = {isa = PBXFileReference; lastKnownFileType = folder.assetcatalog; path = Images.xcassets; sourceTree = "<group>"; };
		5EF5A4D91AE9B315009938F7 /* Base */ = {isa = PBXFileReference; lastKnownFileType = file.xib; name = Base; path = Base.lproj/LaunchScreen.xib; sourceTree = "<group>"; };
		5EF5A4DF1AE9B315009938F7 /* DN ClubsTests.xctest */ = {isa = PBXFileReference; explicitFileType = wrapper.cfbundle; includeInIndex = 0; path = "DN ClubsTests.xctest"; sourceTree = BUILT_PRODUCTS_DIR; };
		5EF5A4E41AE9B315009938F7 /* Info.plist */ = {isa = PBXFileReference; lastKnownFileType = text.plist.xml; path = Info.plist; sourceTree = "<group>"; };
		5EF5A4E51AE9B315009938F7 /* DN_ClubsTests.swift */ = {isa = PBXFileReference; lastKnownFileType = sourcecode.swift; path = DN_ClubsTests.swift; sourceTree = "<group>"; };
		C1866C7E1B17D88D00DEE50B /* GoogleOpenSource.framework */ = {isa = PBXFileReference; lastKnownFileType = wrapper.framework; path = GoogleOpenSource.framework; sourceTree = "<group>"; };
		C1866C821B17DAB100DEE50B /* Bridging-Header.h */ = {isa = PBXFileReference; fileEncoding = 4; lastKnownFileType = sourcecode.c.h; path = "Bridging-Header.h"; sourceTree = "<group>"; };
		C1866C831B17DE4600DEE50B /* GooglePlus.framework */ = {isa = PBXFileReference; lastKnownFileType = wrapper.framework; path = GooglePlus.framework; sourceTree = "<group>"; };
		FB26F1CE1AF2F05500466690 /* ClubList.swift */ = {isa = PBXFileReference; fileEncoding = 4; lastKnownFileType = sourcecode.swift; path = ClubList.swift; sourceTree = "<group>"; };
		FB26F1D01AF2F08800466690 /* FavoriteClubs.swift */ = {isa = PBXFileReference; fileEncoding = 4; lastKnownFileType = sourcecode.swift; path = FavoriteClubs.swift; sourceTree = "<group>"; };
		FB26F1D21AF2F0CB00466690 /* Notifications.swift */ = {isa = PBXFileReference; fileEncoding = 4; lastKnownFileType = sourcecode.swift; path = Notifications.swift; sourceTree = "<group>"; };
/* End PBXFileReference section */

/* Begin PBXFrameworksBuildPhase section */
		5EF5A4C51AE9B314009938F7 /* Frameworks */ = {
			isa = PBXFrameworksBuildPhase;
			buildActionMask = 2147483647;
			files = (
				C1866C801B17D88D00DEE50B /* GoogleOpenSource.framework in Frameworks */,
				C1866C841B17DE4600DEE50B /* GooglePlus.framework in Frameworks */,
			);
			runOnlyForDeploymentPostprocessing = 0;
		};
		5EF5A4DC1AE9B315009938F7 /* Frameworks */ = {
			isa = PBXFrameworksBuildPhase;
			buildActionMask = 2147483647;
			files = (
			);
			runOnlyForDeploymentPostprocessing = 0;
		};
/* End PBXFrameworksBuildPhase section */

/* Begin PBXGroup section */
		5EF5A4BF1AE9B314009938F7 = {
			isa = PBXGroup;
			children = (
				5EF5A4CA1AE9B314009938F7 /* DN Clubs */,
				5EF5A4E21AE9B315009938F7 /* DN ClubsTests */,
				5EF5A4C91AE9B314009938F7 /* Products */,
			);
			sourceTree = "<group>";
		};
		5EF5A4C91AE9B314009938F7 /* Products */ = {
			isa = PBXGroup;
			children = (
				5EF5A4C81AE9B314009938F7 /* DN Clubs.app */,
				5EF5A4DF1AE9B315009938F7 /* DN ClubsTests.xctest */,
			);
			name = Products;
			sourceTree = "<group>";
		};
		5EF5A4CA1AE9B314009938F7 /* DN Clubs */ = {
			isa = PBXGroup;
			children = (
				C1866C821B17DAB100DEE50B /* Bridging-Header.h */,
				5EF5A4CD1AE9B314009938F7 /* AppDelegate.swift */,
				FB26F1D01AF2F08800466690 /* FavoriteClubs.swift */,
				FB26F1D21AF2F0CB00466690 /* Notifications.swift */,
				FB26F1CE1AF2F05500466690 /* ClubList.swift */,
				5EF5A4D31AE9B315009938F7 /* Main.storyboard */,
				5EF5A4D61AE9B315009938F7 /* Images.xcassets */,
				5EF5A4D81AE9B315009938F7 /* LaunchScreen.xib */,
				5EF5A4CB1AE9B314009938F7 /* Supporting Files */,
			);
			path = "DN Clubs";
			sourceTree = "<group>";
		};
		5EF5A4CB1AE9B314009938F7 /* Supporting Files */ = {
			isa = PBXGroup;
			children = (
				C1866C831B17DE4600DEE50B /* GooglePlus.framework */,
				C1866C7E1B17D88D00DEE50B /* GoogleOpenSource.framework */,
				5EF5A4CC1AE9B314009938F7 /* Info.plist */,
			);
			name = "Supporting Files";
			sourceTree = "<group>";
		};
		5EF5A4E21AE9B315009938F7 /* DN ClubsTests */ = {
			isa = PBXGroup;
			children = (
				5EF5A4E51AE9B315009938F7 /* DN_ClubsTests.swift */,
				5EF5A4E31AE9B315009938F7 /* Supporting Files */,
			);
			path = "DN ClubsTests";
			sourceTree = "<group>";
		};
		5EF5A4E31AE9B315009938F7 /* Supporting Files */ = {
			isa = PBXGroup;
			children = (
				5EF5A4E41AE9B315009938F7 /* Info.plist */,
			);
			name = "Supporting Files";
			sourceTree = "<group>";
		};
/* End PBXGroup section */

/* Begin PBXNativeTarget section */
		5EF5A4C71AE9B314009938F7 /* DN Clubs */ = {
			isa = PBXNativeTarget;
			buildConfigurationList = 5EF5A4E91AE9B315009938F7 /* Build configuration list for PBXNativeTarget "DN Clubs" */;
			buildPhases = (
				5EF5A4C41AE9B314009938F7 /* Sources */,
				5EF5A4C51AE9B314009938F7 /* Frameworks */,
				5EF5A4C61AE9B314009938F7 /* Resources */,
			);
			buildRules = (
			);
			dependencies = (
			);
			name = "DN Clubs";
			productName = "DN Clubs";
			productReference = 5EF5A4C81AE9B314009938F7 /* DN Clubs.app */;
			productType = "com.apple.product-type.application";
		};
		5EF5A4DE1AE9B315009938F7 /* DN ClubsTests */ = {
			isa = PBXNativeTarget;
			buildConfigurationList = 5EF5A4EC1AE9B315009938F7 /* Build configuration list for PBXNativeTarget "DN ClubsTests" */;
			buildPhases = (
				5EF5A4DB1AE9B315009938F7 /* Sources */,
				5EF5A4DC1AE9B315009938F7 /* Frameworks */,
				5EF5A4DD1AE9B315009938F7 /* Resources */,
			);
			buildRules = (
			);
			dependencies = (
				5EF5A4E11AE9B315009938F7 /* PBXTargetDependency */,
			);
			name = "DN ClubsTests";
			productName = "DN ClubsTests";
			productReference = 5EF5A4DF1AE9B315009938F7 /* DN ClubsTests.xctest */;
			productType = "com.apple.product-type.bundle.unit-test";
		};
/* End PBXNativeTarget section */

/* Begin PBXProject section */
		5EF5A4C01AE9B314009938F7 /* Project object */ = {
			isa = PBXProject;
			attributes = {
				LastUpgradeCheck = 0700;
				ORGANIZATIONNAME = Nighthackers;
				TargetAttributes = {
					5EF5A4C71AE9B314009938F7 = {
						CreatedOnToolsVersion = 6.1.1;
					};
					5EF5A4DE1AE9B315009938F7 = {
						CreatedOnToolsVersion = 6.1.1;
						TestTargetID = 5EF5A4C71AE9B314009938F7;
					};
				};
			};
			buildConfigurationList = 5EF5A4C31AE9B314009938F7 /* Build configuration list for PBXProject "DN Clubs" */;
			compatibilityVersion = "Xcode 3.2";
			developmentRegion = English;
			hasScannedForEncodings = 0;
			knownRegions = (
				en,
				Base,
			);
			mainGroup = 5EF5A4BF1AE9B314009938F7;
			productRefGroup = 5EF5A4C91AE9B314009938F7 /* Products */;
			projectDirPath = "";
			projectRoot = "";
			targets = (
				5EF5A4C71AE9B314009938F7 /* DN Clubs */,
				5EF5A4DE1AE9B315009938F7 /* DN ClubsTests */,
			);
		};
/* End PBXProject section */

/* Begin PBXResourcesBuildPhase section */
		5EF5A4C61AE9B314009938F7 /* Resources */ = {
			isa = PBXResourcesBuildPhase;
			buildActionMask = 2147483647;
			files = (
				5EF5A4D51AE9B315009938F7 /* Main.storyboard in Resources */,
				5EF5A4DA1AE9B315009938F7 /* LaunchScreen.xib in Resources */,
				5EF5A4D71AE9B315009938F7 /* Images.xcassets in Resources */,
			);
			runOnlyForDeploymentPostprocessing = 0;
		};
		5EF5A4DD1AE9B315009938F7 /* Resources */ = {
			isa = PBXResourcesBuildPhase;
			buildActionMask = 2147483647;
			files = (
			);
			runOnlyForDeploymentPostprocessing = 0;
		};
/* End PBXResourcesBuildPhase section */

/* Begin PBXSourcesBuildPhase section */
		5EF5A4C41AE9B314009938F7 /* Sources */ = {
			isa = PBXSourcesBuildPhase;
			buildActionMask = 2147483647;
			files = (
				FB26F1D31AF2F0CB00466690 /* Notifications.swift in Sources */,
				FB26F1D11AF2F08800466690 /* FavoriteClubs.swift in Sources */,
				5EF5A4CE1AE9B314009938F7 /* AppDelegate.swift in Sources */,
				FB26F1CF1AF2F05500466690 /* ClubList.swift in Sources */,
			);
			runOnlyForDeploymentPostprocessing = 0;
		};
		5EF5A4DB1AE9B315009938F7 /* Sources */ = {
			isa = PBXSourcesBuildPhase;
			buildActionMask = 2147483647;
			files = (
				5EF5A4E61AE9B315009938F7 /* DN_ClubsTests.swift in Sources */,
			);
			runOnlyForDeploymentPostprocessing = 0;
		};
/* End PBXSourcesBuildPhase section */

/* Begin PBXTargetDependency section */
		5EF5A4E11AE9B315009938F7 /* PBXTargetDependency */ = {
			isa = PBXTargetDependency;
			target = 5EF5A4C71AE9B314009938F7 /* DN Clubs */;
			targetProxy = 5EF5A4E01AE9B315009938F7 /* PBXContainerItemProxy */;
		};
/* End PBXTargetDependency section */

/* Begin PBXVariantGroup section */
		5EF5A4D31AE9B315009938F7 /* Main.storyboard */ = {
			isa = PBXVariantGroup;
			children = (
				5EF5A4D41AE9B315009938F7 /* Base */,
			);
			name = Main.storyboard;
			sourceTree = "<group>";
		};
		5EF5A4D81AE9B315009938F7 /* LaunchScreen.xib */ = {
			isa = PBXVariantGroup;
			children = (
				5EF5A4D91AE9B315009938F7 /* Base */,
			);
			name = LaunchScreen.xib;
			sourceTree = "<group>";
		};
/* End PBXVariantGroup section */

/* Begin XCBuildConfiguration section */
		5EF5A4E71AE9B315009938F7 /* Debug */ = {
			isa = XCBuildConfiguration;
			buildSettings = {
				ALWAYS_SEARCH_USER_PATHS = NO;
				CLANG_CXX_LANGUAGE_STANDARD = "gnu++0x";
				CLANG_CXX_LIBRARY = "libc++";
				CLANG_ENABLE_MODULES = YES;
				CLANG_ENABLE_OBJC_ARC = YES;
				CLANG_WARN_BOOL_CONVERSION = YES;
				CLANG_WARN_CONSTANT_CONVERSION = YES;
				CLANG_WARN_DIRECT_OBJC_ISA_USAGE = YES_ERROR;
				CLANG_WARN_EMPTY_BODY = YES;
				CLANG_WARN_ENUM_CONVERSION = YES;
				CLANG_WARN_INT_CONVERSION = YES;
				CLANG_WARN_OBJC_ROOT_CLASS = YES_ERROR;
				CLANG_WARN_UNREACHABLE_CODE = YES;
				CLANG_WARN__DUPLICATE_METHOD_MATCH = YES;
				"CODE_SIGN_IDENTITY[sdk=iphoneos*]" = "iPhone Developer";
				COPY_PHASE_STRIP = NO;
				ENABLE_STRICT_OBJC_MSGSEND = YES;
				ENABLE_TESTABILITY = YES;
				GCC_C_LANGUAGE_STANDARD = gnu99;
				GCC_DYNAMIC_NO_PIC = NO;
				GCC_OPTIMIZATION_LEVEL = 0;
				GCC_PREPROCESSOR_DEFINITIONS = (
					"DEBUG=1",
					"$(inherited)",
				);
				GCC_SYMBOLS_PRIVATE_EXTERN = NO;
				GCC_WARN_64_TO_32_BIT_CONVERSION = YES;
				GCC_WARN_ABOUT_RETURN_TYPE = YES_ERROR;
				GCC_WARN_UNDECLARED_SELECTOR = YES;
				GCC_WARN_UNINITIALIZED_AUTOS = YES_AGGRESSIVE;
				GCC_WARN_UNUSED_FUNCTION = YES;
				GCC_WARN_UNUSED_VARIABLE = YES;
				IPHONEOS_DEPLOYMENT_TARGET = 8.1;
				MTL_ENABLE_DEBUG_INFO = YES;
				ONLY_ACTIVE_ARCH = YES;
				SDKROOT = iphoneos;
				SWIFT_OPTIMIZATION_LEVEL = "-Onone";
			};
			name = Debug;
		};
		5EF5A4E81AE9B315009938F7 /* Release */ = {
			isa = XCBuildConfiguration;
			buildSettings = {
				ALWAYS_SEARCH_USER_PATHS = NO;
				CLANG_CXX_LANGUAGE_STANDARD = "gnu++0x";
				CLANG_CXX_LIBRARY = "libc++";
				CLANG_ENABLE_MODULES = YES;
				CLANG_ENABLE_OBJC_ARC = YES;
				CLANG_WARN_BOOL_CONVERSION = YES;
				CLANG_WARN_CONSTANT_CONVERSION = YES;
				CLANG_WARN_DIRECT_OBJC_ISA_USAGE = YES_ERROR;
				CLANG_WARN_EMPTY_BODY = YES;
				CLANG_WARN_ENUM_CONVERSION = YES;
				CLANG_WARN_INT_CONVERSION = YES;
				CLANG_WARN_OBJC_ROOT_CLASS = YES_ERROR;
				CLANG_WARN_UNREACHABLE_CODE = YES;
				CLANG_WARN__DUPLICATE_METHOD_MATCH = YES;
				"CODE_SIGN_IDENTITY[sdk=iphoneos*]" = "iPhone Developer";
				COPY_PHASE_STRIP = YES;
				ENABLE_NS_ASSERTIONS = NO;
				ENABLE_STRICT_OBJC_MSGSEND = YES;
				GCC_C_LANGUAGE_STANDARD = gnu99;
				GCC_WARN_64_TO_32_BIT_CONVERSION = YES;
				GCC_WARN_ABOUT_RETURN_TYPE = YES_ERROR;
				GCC_WARN_UNDECLARED_SELECTOR = YES;
				GCC_WARN_UNINITIALIZED_AUTOS = YES_AGGRESSIVE;
				GCC_WARN_UNUSED_FUNCTION = YES;
				GCC_WARN_UNUSED_VARIABLE = YES;
				IPHONEOS_DEPLOYMENT_TARGET = 8.1;
				MTL_ENABLE_DEBUG_INFO = NO;
				SDKROOT = iphoneos;
				VALIDATE_PRODUCT = YES;
			};
			name = Release;
		};
		5EF5A4EA1AE9B315009938F7 /* Debug */ = {
			isa = XCBuildConfiguration;
			buildSettings = {
				ASSETCATALOG_COMPILER_APPICON_NAME = AppIcon;
				FRAMEWORK_SEARCH_PATHS = "$(SRCROOT)/**";
				INFOPLIST_FILE = "DN Clubs/Info.plist";
				LD_RUNPATH_SEARCH_PATHS = "$(inherited) @executable_path/Frameworks";
				OTHER_LDFLAGS = "-ObjC";
				PRODUCT_BUNDLE_IDENTIFIER = "org.nighthackers.$(PRODUCT_NAME:rfc1034identifier)";
				PRODUCT_NAME = "$(TARGET_NAME)";
				SWIFT_OBJC_BRIDGING_HEADER = "DN Clubs/Bridging-Header.h";
			};
			name = Debug;
		};
		5EF5A4EB1AE9B315009938F7 /* Release */ = {
			isa = XCBuildConfiguration;
			buildSettings = {
				ASSETCATALOG_COMPILER_APPICON_NAME = AppIcon;
				FRAMEWORK_SEARCH_PATHS = "$(SRCROOT)/**";
				INFOPLIST_FILE = "DN Clubs/Info.plist";
				LD_RUNPATH_SEARCH_PATHS = "$(inherited) @executable_path/Frameworks";
				OTHER_LDFLAGS = "-ObjC";
				PRODUCT_BUNDLE_IDENTIFIER = "org.nighthackers.$(PRODUCT_NAME:rfc1034identifier)";
				PRODUCT_NAME = "$(TARGET_NAME)";
				SWIFT_OBJC_BRIDGING_HEADER = "DN Clubs/Bridging-Header.h";
			};
			name = Release;
		};
		5EF5A4ED1AE9B315009938F7 /* Debug */ = {
			isa = XCBuildConfiguration;
			buildSettings = {
				BUNDLE_LOADER = "$(TEST_HOST)";
				FRAMEWORK_SEARCH_PATHS = (
					"$(SDKROOT)/Developer/Library/Frameworks",
					"$(inherited)",
				);
				GCC_PREPROCESSOR_DEFINITIONS = (
					"DEBUG=1",
					"$(inherited)",
				);
				INFOPLIST_FILE = "DN ClubsTests/Info.plist";
				LD_RUNPATH_SEARCH_PATHS = "$(inherited) @executable_path/Frameworks @loader_path/Frameworks";
				PRODUCT_BUNDLE_IDENTIFIER = "org.nighthackers.$(PRODUCT_NAME:rfc1034identifier)";
				PRODUCT_NAME = "$(TARGET_NAME)";
				TEST_HOST = "$(BUILT_PRODUCTS_DIR)/DN Clubs.app/DN Clubs";
			};
			name = Debug;
		};
		5EF5A4EE1AE9B315009938F7 /* Release */ = {
			isa = XCBuildConfiguration;
			buildSettings = {
				BUNDLE_LOADER = "$(TEST_HOST)";
				FRAMEWORK_SEARCH_PATHS = (
					"$(SDKROOT)/Developer/Library/Frameworks",
					"$(inherited)",
				);
				INFOPLIST_FILE = "DN ClubsTests/Info.plist";
				LD_RUNPATH_SEARCH_PATHS = "$(inherited) @executable_path/Frameworks @loader_path/Frameworks";
				PRODUCT_BUNDLE_IDENTIFIER = "org.nighthackers.$(PRODUCT_NAME:rfc1034identifier)";
				PRODUCT_NAME = "$(TARGET_NAME)";
				TEST_HOST = "$(BUILT_PRODUCTS_DIR)/DN Clubs.app/DN Clubs";
			};
			name = Release;
		};
/* End XCBuildConfiguration section */

/* Begin XCConfigurationList section */
		5EF5A4C31AE9B314009938F7 /* Build configuration list for PBXProject "DN Clubs" */ = {
			isa = XCConfigurationList;
			buildConfigurations = (
				5EF5A4E71AE9B315009938F7 /* Debug */,
				5EF5A4E81AE9B315009938F7 /* Release */,
			);
			defaultConfigurationIsVisible = 0;
			defaultConfigurationName = Release;
		};
		5EF5A4E91AE9B315009938F7 /* Build configuration list for PBXNativeTarget "DN Clubs" */ = {
			isa = XCConfigurationList;
			buildConfigurations = (
				5EF5A4EA1AE9B315009938F7 /* Debug */,
				5EF5A4EB1AE9B315009938F7 /* Release */,
			);
			defaultConfigurationIsVisible = 0;
			defaultConfigurationName = Release;
		};
		5EF5A4EC1AE9B315009938F7 /* Build configuration list for PBXNativeTarget "DN ClubsTests" */ = {
			isa = XCConfigurationList;
			buildConfigurations = (
				5EF5A4ED1AE9B315009938F7 /* Debug */,
				5EF5A4EE1AE9B315009938F7 /* Release */,
			);
			defaultConfigurationIsVisible = 0;
			defaultConfigurationName = Release;
		};
/* End XCConfigurationList section */
	};
	rootObject = 5EF5A4C01AE9B314009938F7 /* Project object */;
}
